[root]
name = "xcss"
version = "0.1.0"
dependencies = [
 "cssparser 0.7.3 (registry+https://github.com/rust-lang/crates.io-index)",
 "rustc-serialize 0.3.22 (registry+https://github.com/rust-lang/crates.io-index)",
]

[[package]]
name = "cssparser"
version = "0.7.3"
source = "registry+https://github.com/rust-lang/crates.io-index"
dependencies = [
 "encoding 0.2.33 (registry+https://github.com/rust-lang/crates.io-index)",
 "matches 0.1.4 (registry+https://github.com/rust-lang/crates.io-index)",
 "quote 0.3.12 (registry+https://github.com/rust-lang/crates.io-index)",
 "syn 0.10.8 (registry+https://github.com/rust-lang/crates.io-index)",
]

[[package]]
name = "encoding"
version = "0.2.33"
source = "registry+https://github.com/rust-lang/crates.io-index"
dependencies = [
 "encoding-index-japanese 1.20141219.5 (registry+https://github.com/rust-lang/crates.io-index)",
 "encoding-index-korean 1.20141219.5 (registry+https://github.com/rust-lang/crates.io-index)",
 "encoding-index-simpchinese 1.20141219.5 (registry+https://github.com/rust-lang/crates.io-index)",
 "encoding-index-singlebyte 1.20141219.5 (registry+https://github.com/rust-lang/crates.io-index)",
 "encoding-index-tradchinese 1.20141219.5 (registry+https://github.com/rust-lang/crates.io-index)",
]

[[package]]
name = "encoding-index-japanese"
version = "1.20141219.5"
source = "registry+https://github.com/rust-lang/crates.io-index"
dependencies = [
 "encoding_index_tests 0.1.4 (registry+https://github.com/rust-lang/crates.io-index)",
]

[[package]]
name = "encoding-index-korean"
version = "1.20141219.5"
source = "registry+https://github.com/rust-lang/crates.io-index"
dependencies = [
 "encoding_index_tests 0.1.4 (registry+https://github.com/rust-lang/crates.io-index)",
]

[[package]]
name = "encoding-index-simpchinese"
version = "1.20141219.5"
source = "registry+https://github.com/rust-lang/crates.io-index"
dependencies = [
 "encoding_index_tests 0.1.4 (registry+https://github.com/rust-lang/crates.io-index)",
]

[[package]]
name = "encoding-index-singlebyte"
version = "1.20141219.5"
source = "registry+https://github.com/rust-lang/crates.io-index"
dependencies = [
 "encoding_index_tests 0.1.4 (registry+https://github.com/rust-lang/crates.io-index)",
]

[[package]]
name = "encoding-index-tradchinese"
version = "1.20141219.5"
source = "registry+https://github.com/rust-lang/crates.io-index"
dependencies = [
 "encoding_index_tests 0.1.4 (registry+https://github.com/rust-lang/crates.io-index)",
]

[[package]]
name = "encoding_index_tests"
version = "0.1.4"
source = "registry+https://github.com/rust-lang/crates.io-index"

[[package]]
name = "matches"
version = "0.1.4"
source = "registry+https://github.com/rust-lang/crates.io-index"

[[package]]
name = "quote"
version = "0.3.12"
source = "registry+https://github.com/rust-lang/crates.io-index"

[[package]]
name = "rustc-serialize"
version = "0.3.22"
source = "registry+https://github.com/rust-lang/crates.io-index"

[[package]]
name = "syn"
version = "0.10.8"
source = "registry+https://github.com/rust-lang/crates.io-index"
dependencies = [
 "quote 0.3.12 (registry+https://github.com/rust-lang/crates.io-index)",
 "unicode-xid 0.0.4 (registry+https://github.com/rust-lang/crates.io-index)",
]

[[package]]
name = "unicode-xid"
version = "0.0.4"
source = "registry+https://github.com/rust-lang/crates.io-index"

[metadata]
"checksum cssparser 0.7.3 (registry+https://github.com/rust-lang/crates.io-index)" = "bd03c0b039e63f6756e905f902f881cb547a5393229e6bfa9b0b69646cc1d83f"
"checksum encoding 0.2.33 (registry+https://github.com/rust-lang/crates.io-index)" = "6b0d943856b990d12d3b55b359144ff341533e516d94098b1d3fc1ac666d36ec"
"checksum encoding-index-japanese 1.20141219.5 (registry+https://github.com/rust-lang/crates.io-index)" = "04e8b2ff42e9a05335dbf8b5c6f7567e5591d0d916ccef4e0b1710d32a0d0c91"
"checksum encoding-index-korean 1.20141219.5 (registry+https://github.com/rust-lang/crates.io-index)" = "4dc33fb8e6bcba213fe2f14275f0963fd16f0a02c878e3095ecfdf5bee529d81"
"checksum encoding-index-simpchinese 1.20141219.5 (registry+https://github.com/rust-lang/crates.io-index)" = "d87a7194909b9118fc707194baa434a4e3b0fb6a5a757c73c3adb07aa25031f7"
"checksum encoding-index-singlebyte 1.20141219.5 (registry+https://github.com/rust-lang/crates.io-index)" = "3351d5acffb224af9ca265f435b859c7c01537c0849754d3db3fdf2bfe2ae84a"
"checksum encoding-index-tradchinese 1.20141219.5 (registry+https://github.com/rust-lang/crates.io-index)" = "fd0e20d5688ce3cab59eb3ef3a2083a5c77bf496cb798dc6fcdb75f323890c18"
"checksum encoding_index_tests 0.1.4 (registry+https://github.com/rust-lang/crates.io-index)" = "a246d82be1c9d791c5dfde9a2bd045fc3cbba3fa2b11ad558f27d01712f00569"
"checksum matches 0.1.4 (registry+https://github.com/rust-lang/crates.io-index)" = "efd7622e3022e1a6eaa602c4cea8912254e5582c9c692e9167714182244801b1"
"checksum quote 0.3.12 (registry+https://github.com/rust-lang/crates.io-index)" = "e7b44fd83db28b83c1c58187159934906e5e955c812e211df413b76b03c909a5"
"checksum rustc-serialize 0.3.22 (registry+https://github.com/rust-lang/crates.io-index)" = "237546c689f20bb44980270c73c3b9edd0891c1be49cc1274406134a66d3957b"
"checksum syn 0.10.8 (registry+https://github.com/rust-lang/crates.io-index)" = "58fd09df59565db3399efbba34ba8a2fec1307511ebd245d0061ff9d42691673"
"checksum unicode-xid 0.0.4 (registry+https://github.com/rust-lang/crates.io-index)" = "8c1f860d7d29cf02cb2f3f359fd35991af3d30bac52c57d265a3c461074cb4dc"
